
Microsoft Visual Studio Solution File, Format Version 12.00
# Visual Studio Version 17
VisualStudioVersion = 17.0.31912.275
MinimumVisualStudioVersion = 10.0.40219.1
Project("{FAE04EC0-301F-11D3-BF4B-00C04F79EFBC}") = "CompanyEmployees", "CompanyEmployees\CompanyEmployees.csproj", "{C27011B4-C749-4FC0-979D-D27FE1BCC1A0}"
EndProject
Project("{FAE04EC0-301F-11D3-BF4B-00C04F79EFBC}") = "Contracts", "Contracts\Contracts.csproj", "{68E48CAE-DA59-4AEE-ABF6-E9E85F5654FF}"
EndProject
Project("{FAE04EC0-301F-11D3-BF4B-00C04F79EFBC}") = "LoggerService", "LoggerService\LoggerService.csproj", "{C85A860C-1E7E-4BCB-AA05-314BA2016E99}"
EndProject
Project("{FAE04EC0-301F-11D3-BF4B-00C04F79EFBC}") = "Entities", "Entities\Entities.csproj", "{627E6D96-AB11-40D8-BDCA-164492496184}"
EndProject
Project("{FAE04EC0-301F-11D3-BF4B-00C04F79EFBC}") = "Repository", "Repository\Repository.csproj", "{191DDC80-D33C-40C3-A38A-0804E1A8ED06}"
EndProject
Global
	GlobalSection(SolutionConfigurationPlatforms) = preSolution
		Debug|Any CPU = Debug|Any CPU
		Release|Any CPU = Release|Any CPU
	EndGlobalSection
	GlobalSection(ProjectConfigurationPlatforms) = postSolution
		{C27011B4-C749-4FC0-979D-D27FE1BCC1A0}.Debug|Any CPU.ActiveCfg = Debug|Any CPU
		{C27011B4-C749-4FC0-979D-D27FE1BCC1A0}.Debug|Any CPU.Build.0 = Debug|Any CPU
		{C27011B4-C749-4FC0-979D-D27FE1BCC1A0}.Release|Any CPU.ActiveCfg = Release|Any CPU
		{C27011B4-C749-4FC0-979D-D27FE1BCC1A0}.Release|Any CPU.Build.0 = Release|Any CPU
		{68E48CAE-DA59-4AEE-ABF6-E9E85F5654FF}.Debug|Any CPU.ActiveCfg = Debug|Any CPU
		{68E48CAE-DA59-4AEE-ABF6-E9E85F5654FF}.Debug|Any CPU.Build.0 = Debug|Any CPU
		{68E48CAE-DA59-4AEE-ABF6-E9E85F5654FF}.Release|Any CPU.ActiveCfg = Release|Any CPU
		{68E48CAE-DA59-4AEE-ABF6-E9E85F5654FF}.Release|Any CPU.Build.0 = Release|Any CPU
		{C85A860C-1E7E-4BCB-AA05-314BA2016E99}.Debug|Any CPU.ActiveCfg = Debug|Any CPU
		{C85A860C-1E7E-4BCB-AA05-314BA2016E99}.Debug|Any CPU.Build.0 = Debug|Any CPU
		{C85A860C-1E7E-4BCB-AA05-314BA2016E99}.Release|Any CPU.ActiveCfg = Release|Any CPU
		{C85A860C-1E7E-4BCB-AA05-314BA2016E99}.Release|Any CPU.Build.0 = Release|Any CPU
		{627E6D96-AB11-40D8-BDCA-164492496184}.Debug|Any CPU.ActiveCfg = Debug|Any CPU
		{627E6D96-AB11-40D8-BDCA-164492496184}.Debug|Any CPU.Build.0 = Debug|Any CPU
		{627E6D96-AB11-40D8-BDCA-164492496184}.Release|Any CPU.ActiveCfg = Release|Any CPU
		{627E6D96-AB11-40D8-BDCA-164492496184}.Release|Any CPU.Build.0 = Release|Any CPU
		{191DDC80-D33C-40C3-A38A-0804E1A8ED06}.Debug|Any CPU.ActiveCfg = Debug|Any CPU
		{191DDC80-D33C-40C3-A38A-0804E1A8ED06}.Debug|Any CPU.Build.0 = Debug|Any CPU
		{191DDC80-D33C-40C3-A38A-0804E1A8ED06}.Release|Any CPU.ActiveCfg = Release|Any CPU
		{191DDC80-D33C-40C3-A38A-0804E1A8ED06}.Release|Any CPU.Build.0 = Release|Any CPU
	EndGlobalSection
	GlobalSection(SolutionProperties) = preSolution
		HideSolutionNode = FALSE
	EndGlobalSection
	GlobalSection(ExtensibilityGlobals) = postSolution
		SolutionGuid = {E7D94AEF-1328-44F8-9020-240EFBB212A1}
	EndGlobalSection
EndGlobal
